{
  "name": "homebridge-vodafonebox",
  "version": "1.0.8",
  "lockfileVersion": 1,
  "requires": true,
  "dependencies": {
    "dgram": {
      "version": "1.0.1",
      "resolved": "https://registry.npmjs.org/dgram/-/dgram-1.0.1.tgz",
      "integrity": "sha1-N/OyAPgDOl/3WTAwicgc42G2UcM="
    },
    "net": {
      "version": "1.0.2",
      "resolved": "https://registry.npmjs.org/net/-/net-1.0.2.tgz",
      "integrity": "sha1-0XV+yaf7I3HYPPR1XOPifhCCk4g="
    },
    "vodafone-controller": {
      "version": "1.0.1",
      "resolved": "https://registry.npmjs.org/vodafone-controller/-/vodafone-controller-1.0.1.tgz",
      "integrity": "sha512-DqgYSOwkNauFIDi7EZHYJTwvpkBzFoNcUipCCAd+UX4V0hJycZpNwhu7Sk066WiwEmJZpXiFHZXmm2TzryKj6g==",
      "requires": {
        "dgram": "^1.0.1",
        "net": "^1.0.2"
      }
    }
  }
}
